// !$*UTF8*$!
{
	archiveVersion = 1;
	classes = {
	};
	objectVersion = 46;
	objects = {

/* Begin PBXBuildFile section */
		C1276CB217A69120E610B1DB /* Pods_photo_wal.framework in Frameworks */ = {isa = PBXBuildFile; fileRef = 4977E4B576B670D85E6920FF /* Pods_photo_wal.framework */; };
		F52A06D0092BC4577D7172AA /* Pods_photo_wal_photo_walTests.framework in Frameworks */ = {isa = PBXBuildFile; fileRef = 5885F5D2E0E8C06EC8031AC7 /* Pods_photo_wal_photo_walTests.framework */; };
		FC0107DA1EBC6EEA00BDFFE1 /* main.m in Sources */ = {isa = PBXBuildFile; fileRef = FC0107D91EBC6EEA00BDFFE1 /* main.m */; };
		FC0107DD1EBC6EEA00BDFFE1 /* AppDelegate.m in Sources */ = {isa = PBXBuildFile; fileRef = FC0107DC1EBC6EEA00BDFFE1 /* AppDelegate.m */; };
		FC0107E01EBC6EEA00BDFFE1 /* ViewController.m in Sources */ = {isa = PBXBuildFile; fileRef = FC0107DF1EBC6EEA00BDFFE1 /* ViewController.m */; };
		FC0107E31EBC6EEA00BDFFE1 /* Main.storyboard in Resources */ = {isa = PBXBuildFile; fileRef = FC0107E11EBC6EEA00BDFFE1 /* Main.storyboard */; };
		FC0107E61EBC6EEA00BDFFE1 /* photo_wal.xcdatamodeld in Sources */ = {isa = PBXBuildFile; fileRef = FC0107E41EBC6EEA00BDFFE1 /* photo_wal.xcdatamodeld */; };
		FC0107E81EBC6EEA00BDFFE1 /* Assets.xcassets in Resources */ = {isa = PBXBuildFile; fileRef = FC0107E71EBC6EEA00BDFFE1 /* Assets.xcassets */; };
		FC0107EB1EBC6EEA00BDFFE1 /* LaunchScreen.storyboard in Resources */ = {isa = PBXBuildFile; fileRef = FC0107E91EBC6EEA00BDFFE1 /* LaunchScreen.storyboard */; };
		FC0107F61EBC6EEA00BDFFE1 /* photo_walTests.m in Sources */ = {isa = PBXBuildFile; fileRef = FC0107F51EBC6EEA00BDFFE1 /* photo_walTests.m */; };
/* End PBXBuildFile section */

/* Begin PBXContainerItemProxy section */
		FC0107F21EBC6EEA00BDFFE1 /* PBXContainerItemProxy */ = {
			isa = PBXContainerItemProxy;
			containerPortal = FC0107CD1EBC6EEA00BDFFE1 /* Project object */;
			proxyType = 1;
			remoteGlobalIDString = FC0107D41EBC6EEA00BDFFE1;
			remoteInfo = "photo-wal";
		};
/* End PBXContainerItemProxy section */

/* Begin PBXFileReference section */
		0886167A5FFFAE6A587DDF15 /* Pods-photo-wal-photo-walTests.debug.xcconfig */ = {isa = PBXFileReference; includeInIndex = 1; lastKnownFileType = text.xcconfig; name = "Pods-photo-wal-photo-walTests.debug.xcconfig"; path = "Pods/Target Support Files/Pods-photo-wal-photo-walTests/Pods-photo-wal-photo-walTests.debug.xcconfig"; sourceTree = "<group>"; };
		1B3D9729E36CA8E2D5B24B9F /* Pods-photo-wal.debug.xcconfig */ = {isa = PBXFileReference; includeInIndex = 1; lastKnownFileType = text.xcconfig; name = "Pods-photo-wal.debug.xcconfig"; path = "Pods/Target Support Files/Pods-photo-wal/Pods-photo-wal.debug.xcconfig"; sourceTree = "<group>"; };
		271AD0283D2612F423A8325B /* Pods-photo-wal-photo-walTests.release.xcconfig */ = {isa = PBXFileReference; includeInIndex = 1; lastKnownFileType = text.xcconfig; name = "Pods-photo-wal-photo-walTests.release.xcconfig"; path = "Pods/Target Support Files/Pods-photo-wal-photo-walTests/Pods-photo-wal-photo-walTests.release.xcconfig"; sourceTree = "<group>"; };
		4977E4B576B670D85E6920FF /* Pods_photo_wal.framework */ = {isa = PBXFileReference; explicitFileType = wrapper.framework; includeInIndex = 0; path = Pods_photo_wal.framework; sourceTree = BUILT_PRODUCTS_DIR; };
		5885F5D2E0E8C06EC8031AC7 /* Pods_photo_wal_photo_walTests.framework */ = {isa = PBXFileReference; explicitFileType = wrapper.framework; includeInIndex = 0; path = Pods_photo_wal_photo_walTests.framework; sourceTree = BUILT_PRODUCTS_DIR; };
		EC6AA9D33032CAB4C1AB083E /* Pods-photo-wal.release.xcconfig */ = {isa = PBXFileReference; includeInIndex = 1; lastKnownFileType = text.xcconfig; name = "Pods-photo-wal.release.xcconfig"; path = "Pods/Target Support Files/Pods-photo-wal/Pods-photo-wal.release.xcconfig"; sourceTree = "<group>"; };
		FC0107D51EBC6EEA00BDFFE1 /* photo-wal.app */ = {isa = PBXFileReference; explicitFileType = wrapper.application; includeInIndex = 0; path = "photo-wal.app"; sourceTree = BUILT_PRODUCTS_DIR; };
		FC0107D91EBC6EEA00BDFFE1 /* main.m */ = {isa = PBXFileReference; lastKnownFileType = sourcecode.c.objc; path = main.m; sourceTree = "<group>"; };
		FC0107DB1EBC6EEA00BDFFE1 /* AppDelegate.h */ = {isa = PBXFileReference; lastKnownFileType = sourcecode.c.h; path = AppDelegate.h; sourceTree = "<group>"; };
		FC0107DC1EBC6EEA00BDFFE1 /* AppDelegate.m */ = {isa = PBXFileReference; lastKnownFileType = sourcecode.c.objc; path = AppDelegate.m; sourceTree = "<group>"; };
		FC0107DE1EBC6EEA00BDFFE1 /* ViewController.h */ = {isa = PBXFileReference; lastKnownFileType = sourcecode.c.h; path = ViewController.h; sourceTree = "<group>"; };
		FC0107DF1EBC6EEA00BDFFE1 /* ViewController.m */ = {isa = PBXFileReference; lastKnownFileType = sourcecode.c.objc; path = ViewController.m; sourceTree = "<group>"; };
		FC0107E21EBC6EEA00BDFFE1 /* Base */ = {isa = PBXFileReference; lastKnownFileType = file.storyboard; name = Base; path = Base.lproj/Main.storyboard; sourceTree = "<group>"; };
		FC0107E51EBC6EEA00BDFFE1 /* photo_wal.xcdatamodel */ = {isa = PBXFileReference; lastKnownFileType = wrapper.xcdatamodel; path = photo_wal.xcdatamodel; sourceTree = "<group>"; };
		FC0107E71EBC6EEA00BDFFE1 /* Assets.xcassets */ = {isa = PBXFileReference; lastKnownFileType = folder.assetcatalog; path = Assets.xcassets; sourceTree = "<group>"; };
		FC0107EA1EBC6EEA00BDFFE1 /* Base */ = {isa = PBXFileReference; lastKnownFileType = file.storyboard; name = Base; path = Base.lproj/LaunchScreen.storyboard; sourceTree = "<group>"; };
		FC0107EC1EBC6EEA00BDFFE1 /* Info.plist */ = {isa = PBXFileReference; lastKnownFileType = text.plist.xml; path = Info.plist; sourceTree = "<group>"; };
		FC0107F11EBC6EEA00BDFFE1 /* photo-walTests.xctest */ = {isa = PBXFileReference; explicitFileType = wrapper.cfbundle; includeInIndex = 0; path = "photo-walTests.xctest"; sourceTree = BUILT_PRODUCTS_DIR; };
		FC0107F51EBC6EEA00BDFFE1 /* photo_walTests.m */ = {isa = PBXFileReference; lastKnownFileType = sourcecode.c.objc; path = photo_walTests.m; sourceTree = "<group>"; };
		FC0107F71EBC6EEA00BDFFE1 /* Info.plist */ = {isa = PBXFileReference; lastKnownFileType = text.plist.xml; path = Info.plist; sourceTree = "<group>"; };
/* End PBXFileReference section */

/* Begin PBXFrameworksBuildPhase section */
		FC0107D21EBC6EEA00BDFFE1 /* Frameworks */ = {
			isa = PBXFrameworksBuildPhase;
			buildActionMask = 2147483647;
			files = (
				C1276CB217A69120E610B1DB /* Pods_photo_wal.framework in Frameworks */,
			);
			runOnlyForDeploymentPostprocessing = 0;
		};
		FC0107EE1EBC6EEA00BDFFE1 /* Frameworks */ = {
			isa = PBXFrameworksBuildPhase;
			buildActionMask = 2147483647;
			files = (
				F52A06D0092BC4577D7172AA /* Pods_photo_wal_photo_walTests.framework in Frameworks */,
			);
			runOnlyForDeploymentPostprocessing = 0;
		};
/* End PBXFrameworksBuildPhase section */

/* Begin PBXGroup section */
		00B8F5344629D575DD5C3B40 /* Frameworks */ = {
			isa = PBXGroup;
			children = (
				4977E4B576B670D85E6920FF /* Pods_photo_wal.framework */,
				5885F5D2E0E8C06EC8031AC7 /* Pods_photo_wal_photo_walTests.framework */,
			);
			name = Frameworks;
			sourceTree = "<group>";
		};
		08BCFFB0E3850F652B5ED1F7 /* Pods */ = {
			isa = PBXGroup;
			children = (
				1B3D9729E36CA8E2D5B24B9F /* Pods-photo-wal.debug.xcconfig */,
				EC6AA9D33032CAB4C1AB083E /* Pods-photo-wal.release.xcconfig */,
				0886167A5FFFAE6A587DDF15 /* Pods-photo-wal-photo-walTests.debug.xcconfig */,
				271AD0283D2612F423A8325B /* Pods-photo-wal-photo-walTests.release.xcconfig */,
			);
			name = Pods;
			sourceTree = "<group>";
		};
		FC0107CC1EBC6EEA00BDFFE1 = {
			isa = PBXGroup;
			children = (
				FC0107D71EBC6EEA00BDFFE1 /* photo-wal */,
				FC0107F41EBC6EEA00BDFFE1 /* photo-walTests */,
				FC0107D61EBC6EEA00BDFFE1 /* Products */,
				08BCFFB0E3850F652B5ED1F7 /* Pods */,
				00B8F5344629D575DD5C3B40 /* Frameworks */,
			);
			sourceTree = "<group>";
		};
		FC0107D61EBC6EEA00BDFFE1 /* Products */ = {
			isa = PBXGroup;
			children = (
				FC0107D51EBC6EEA00BDFFE1 /* photo-wal.app */,
				FC0107F11EBC6EEA00BDFFE1 /* photo-walTests.xctest */,
			);
			name = Products;
			sourceTree = "<group>";
		};
		FC0107D71EBC6EEA00BDFFE1 /* photo-wal */ = {
			isa = PBXGroup;
			children = (
				FC0107DB1EBC6EEA00BDFFE1 /* AppDelegate.h */,
				FC0107DC1EBC6EEA00BDFFE1 /* AppDelegate.m */,
				FC0107DE1EBC6EEA00BDFFE1 /* ViewController.h */,
				FC0107DF1EBC6EEA00BDFFE1 /* ViewController.m */,
				FC0107E11EBC6EEA00BDFFE1 /* Main.storyboard */,
				FC0107E71EBC6EEA00BDFFE1 /* Assets.xcassets */,
				FC0107E91EBC6EEA00BDFFE1 /* LaunchScreen.storyboard */,
				FC0107EC1EBC6EEA00BDFFE1 /* Info.plist */,
				FC0107E41EBC6EEA00BDFFE1 /* photo_wal.xcdatamodeld */,
				FC0107D81EBC6EEA00BDFFE1 /* Supporting Files */,
			);
			path = "photo-wal";
			sourceTree = "<group>";
		};
		FC0107D81EBC6EEA00BDFFE1 /* Supporting Files */ = {
			isa = PBXGroup;
			children = (
				FC0107D91EBC6EEA00BDFFE1 /* main.m */,
			);
			name = "Supporting Files";
			sourceTree = "<group>";
		};
		FC0107F41EBC6EEA00BDFFE1 /* photo-walTests */ = {
			isa = PBXGroup;
			children = (
				FC0107F51EBC6EEA00BDFFE1 /* photo_walTests.m */,
				FC0107F71EBC6EEA00BDFFE1 /* Info.plist */,
			);
			path = "photo-walTests";
			sourceTree = "<group>";
		};
/* End PBXGroup section */

/* Begin PBXNativeTarget section */
		FC0107D41EBC6EEA00BDFFE1 /* photo-wal */ = {
			isa = PBXNativeTarget;
			buildConfigurationList = FC0107FA1EBC6EEA00BDFFE1 /* Build configuration list for PBXNativeTarget "photo-wal" */;
			buildPhases = (
				940B09C2ED147160447DE2BB /* [CP] Check Pods Manifest.lock */,
				FC0107D11EBC6EEA00BDFFE1 /* Sources */,
				FC0107D21EBC6EEA00BDFFE1 /* Frameworks */,
				FC0107D31EBC6EEA00BDFFE1 /* Resources */,
				1E602716D61F765291925529 /* [CP] Embed Pods Frameworks */,
				917A9B1B6AB45103B01F2646 /* [CP] Copy Pods Resources */,
			);
			buildRules = (
			);
			dependencies = (
			);
			name = "photo-wal";
			productName = "photo-wal";
			productReference = FC0107D51EBC6EEA00BDFFE1 /* photo-wal.app */;
			productType = "com.apple.product-type.application";
		};
		FC0107F01EBC6EEA00BDFFE1 /* photo-walTests */ = {
			isa = PBXNativeTarget;
			buildConfigurationList = FC0107FD1EBC6EEA00BDFFE1 /* Build configuration list for PBXNativeTarget "photo-walTests" */;
			buildPhases = (
				A63D92C27F424B0EB8A57D16 /* [CP] Check Pods Manifest.lock */,
				FC0107ED1EBC6EEA00BDFFE1 /* Sources */,
				FC0107EE1EBC6EEA00BDFFE1 /* Frameworks */,
				FC0107EF1EBC6EEA00BDFFE1 /* Resources */,
				D153F0635660AE7E81B41806 /* [CP] Embed Pods Frameworks */,
				8C42C3F97472078D958306DA /* [CP] Copy Pods Resources */,
			);
			buildRules = (
			);
			dependencies = (
				FC0107F31EBC6EEA00BDFFE1 /* PBXTargetDependency */,
			);
			name = "photo-walTests";
			productName = "photo-walTests";
			productReference = FC0107F11EBC6EEA00BDFFE1 /* photo-walTests.xctest */;
			productType = "com.apple.product-type.bundle.unit-test";
		};
/* End PBXNativeTarget section */

/* Begin PBXProject section */
		FC0107CD1EBC6EEA00BDFFE1 /* Project object */ = {
			isa = PBXProject;
			attributes = {
				LastUpgradeCheck = 0830;
				ORGANIZATIONNAME = "劉士豪";
				TargetAttributes = {
					FC0107D41EBC6EEA00BDFFE1 = {
						CreatedOnToolsVersion = 8.3;
						DevelopmentTeam = 9J8LMHVFBZ;
						ProvisioningStyle = Automatic;
					};
					FC0107F01EBC6EEA00BDFFE1 = {
						CreatedOnToolsVersion = 8.3;
						DevelopmentTeam = 9J8LMHVFBZ;
						ProvisioningStyle = Automatic;
						TestTargetID = FC0107D41EBC6EEA00BDFFE1;
					};
				};
			};
			buildConfigurationList = FC0107D01EBC6EEA00BDFFE1 /* Build configuration list for PBXProject "photo-wal" */;
			compatibilityVersion = "Xcode 3.2";
			developmentRegion = English;
			hasScannedForEncodings = 0;
			knownRegions = (
				en,
				Base,
			);
			mainGroup = FC0107CC1EBC6EEA00BDFFE1;
			productRefGroup = FC0107D61EBC6EEA00BDFFE1 /* Products */;
			projectDirPath = "";
			projectRoot = "";
			targets = (
				FC0107D41EBC6EEA00BDFFE1 /* photo-wal */,
				FC0107F01EBC6EEA00BDFFE1 /* photo-walTests */,
			);
		};
/* End PBXProject section */

/* Begin PBXResourcesBuildPhase section */
		FC0107D31EBC6EEA00BDFFE1 /* Resources */ = {
			isa = PBXResourcesBuildPhase;
			buildActionMask = 2147483647;
			files = (
				FC0107EB1EBC6EEA00BDFFE1 /* LaunchScreen.storyboard in Resources */,
				FC0107E81EBC6EEA00BDFFE1 /* Assets.xcassets in Resources */,
				FC0107E31EBC6EEA00BDFFE1 /* Main.storyboard in Resources */,
			);
			runOnlyForDeploymentPostprocessing = 0;
		};
		FC0107EF1EBC6EEA00BDFFE1 /* Resources */ = {
			isa = PBXResourcesBuildPhase;
			buildActionMask = 2147483647;
			files = (
			);
			runOnlyForDeploymentPostprocessing = 0;
		};
/* End PBXResourcesBuildPhase section */

/* Begin PBXShellScriptBuildPhase section */
		1E602716D61F765291925529 /* [CP] Embed Pods Frameworks */ = {
			isa = PBXShellScriptBuildPhase;
			buildActionMask = 2147483647;
			files = (
			);
			inputPaths = (
			);
			name = "[CP] Embed Pods Frameworks";
			outputPaths = (
			);
			runOnlyForDeploymentPostprocessing = 0;
			shellPath = /bin/sh;
			shellScript = "\"${SRCROOT}/Pods/Target Support Files/Pods-photo-wal/Pods-photo-wal-frameworks.sh\"\n";
			showEnvVarsInLog = 0;
		};
		8C42C3F97472078D958306DA /* [CP] Copy Pods Resources */ = {
			isa = PBXShellScriptBuildPhase;
			buildActionMask = 2147483647;
			files = (
			);
			inputPaths = (
			);
			name = "[CP] Copy Pods Resources";
			outputPaths = (
			);
			runOnlyForDeploymentPostprocessing = 0;
			shellPath = /bin/sh;
			shellScript = "\"${SRCROOT}/Pods/Target Support Files/Pods-photo-wal-photo-walTests/Pods-photo-wal-photo-walTests-resources.sh\"\n";
			showEnvVarsInLog = 0;
		};
		917A9B1B6AB45103B01F2646 /* [CP] Copy Pods Resources */ = {
			isa = PBXShellScriptBuildPhase;
			buildActionMask = 2147483647;
			files = (
			);
			inputPaths = (
			);
			name = "[CP] Copy Pods Resources";
			outputPaths = (
			);
			runOnlyForDeploymentPostprocessing = 0;
			shellPath = /bin/sh;
			shellScript = "\"${SRCROOT}/Pods/Target Support Files/Pods-photo-wal/Pods-photo-wal-resources.sh\"\n";
			showEnvVarsInLog = 0;
		};
		940B09C2ED147160447DE2BB /* [CP] Check Pods Manifest.lock */ = {
			isa = PBXShellScriptBuildPhase;
			buildActionMask = 2147483647;
			files = (
			);
			inputPaths = (
			);
			name = "[CP] Check Pods Manifest.lock";
			outputPaths = (
			);
			runOnlyForDeploymentPostprocessing = 0;
			shellPath = /bin/sh;
			shellScript = "diff \"${PODS_ROOT}/../Podfile.lock\" \"${PODS_ROOT}/Manifest.lock\" > /dev/null\nif [ $? != 0 ] ; then\n    # print error to STDERR\n    echo \"error: The sandbox is not in sync with the Podfile.lock. Run 'pod install' or update your CocoaPods installation.\" >&2\n    exit 1\nfi\n";
			showEnvVarsInLog = 0;
		};
		A63D92C27F424B0EB8A57D16 /* [CP] Check Pods Manifest.lock */ = {
			isa = PBXShellScriptBuildPhase;
			buildActionMask = 2147483647;
			files = (
			);
			inputPaths = (
			);
			name = "[CP] Check Pods Manifest.lock";
			outputPaths = (
			);
			runOnlyForDeploymentPostprocessing = 0;
			shellPath = /bin/sh;
			shellScript = "diff \"${PODS_ROOT}/../Podfile.lock\" \"${PODS_ROOT}/Manifest.lock\" > /dev/null\nif [ $? != 0 ] ; then\n    # print error to STDERR\n    echo \"error: The sandbox is not in sync with the Podfile.lock. Run 'pod install' or update your CocoaPods installation.\" >&2\n    exit 1\nfi\n";
			showEnvVarsInLog = 0;
		};
		D153F0635660AE7E81B41806 /* [CP] Embed Pods Frameworks */ = {
			isa = PBXShellScriptBuildPhase;
			buildActionMask = 2147483647;
			files = (
			);
			inputPaths = (
			);
			name = "[CP] Embed Pods Frameworks";
			outputPaths = (
			);
			runOnlyForDeploymentPostprocessing = 0;
			shellPath = /bin/sh;
			shellScript = "\"${SRCROOT}/Pods/Target Support Files/Pods-photo-wal-photo-walTests/Pods-photo-wal-photo-walTests-frameworks.sh\"\n";
			showEnvVarsInLog = 0;
		};
/* End PBXShellScriptBuildPhase section */

/* Begin PBXSourcesBuildPhase section */
		FC0107D11EBC6EEA00BDFFE1 /* Sources */ = {
			isa = PBXSourcesBuildPhase;
			buildActionMask = 2147483647;
			files = (
				FC0107E01EBC6EEA00BDFFE1 /* ViewController.m in Sources */,
				FC0107DD1EBC6EEA00BDFFE1 /* AppDelegate.m in Sources */,
				FC0107DA1EBC6EEA00BDFFE1 /* main.m in Sources */,
				FC0107E61EBC6EEA00BDFFE1 /* photo_wal.xcdatamodeld in Sources */,
			);
			runOnlyForDeploymentPostprocessing = 0;
		};
		FC0107ED1EBC6EEA00BDFFE1 /* Sources */ = {
			isa = PBXSourcesBuildPhase;
			buildActionMask = 2147483647;
			files = (
				FC0107F61EBC6EEA00BDFFE1 /* photo_walTests.m in Sources */,
			);
			runOnlyForDeploymentPostprocessing = 0;
		};
/* End PBXSourcesBuildPhase section */

/* Begin PBXTargetDependency section */
		FC0107F31EBC6EEA00BDFFE1 /* PBXTargetDependency */ = {
			isa = PBXTargetDependency;
			target = FC0107D41EBC6EEA00BDFFE1 /* photo-wal */;
			targetProxy = FC0107F21EBC6EEA00BDFFE1 /* PBXContainerItemProxy */;
		};
/* End PBXTargetDependency section */

/* Begin PBXVariantGroup section */
		FC0107E11EBC6EEA00BDFFE1 /* Main.storyboard */ = {
			isa = PBXVariantGroup;
			children = (
				FC0107E21EBC6EEA00BDFFE1 /* Base */,
			);
			name = Main.storyboard;
			sourceTree = "<group>";
		};
		FC0107E91EBC6EEA00BDFFE1 /* LaunchScreen.storyboard */ = {
			isa = PBXVariantGroup;
			children = (
				FC0107EA1EBC6EEA00BDFFE1 /* Base */,
			);
			name = LaunchScreen.storyboard;
			sourceTree = "<group>";
		};
/* End PBXVariantGroup section */

/* Begin XCBuildConfiguration section */
		FC0107F81EBC6EEA00BDFFE1 /* Debug */ = {
			isa = XCBuildConfiguration;
			buildSettings = {
				ALWAYS_SEARCH_USER_PATHS = NO;
				CLANG_ANALYZER_NONNULL = YES;
				CLANG_ANALYZER_NUMBER_OBJECT_CONVERSION = YES_AGGRESSIVE;
				CLANG_CXX_LANGUAGE_STANDARD = "gnu++0x";
				CLANG_CXX_LIBRARY = "libc++";
				CLANG_ENABLE_MODULES = YES;
				CLANG_ENABLE_OBJC_ARC = YES;
				CLANG_WARN_BOOL_CONVERSION = YES;
				CLANG_WARN_CONSTANT_CONVERSION = YES;
				CLANG_WARN_DIRECT_OBJC_ISA_USAGE = YES_ERROR;
				CLANG_WARN_DOCUMENTATION_COMMENTS = YES;
				CLANG_WARN_EMPTY_BODY = YES;
				CLANG_WARN_ENUM_CONVERSION = YES;
				CLANG_WARN_INFINITE_RECURSION = YES;
				CLANG_WARN_INT_CONVERSION = YES;
				CLANG_WARN_OBJC_ROOT_CLASS = YES_ERROR;
				CLANG_WARN_SUSPICIOUS_MOVE = YES;
				CLANG_WARN_UNREACHABLE_CODE = YES;
				CLANG_WARN__DUPLICATE_METHOD_MATCH = YES;
				"CODE_SIGN_IDENTITY[sdk=iphoneos*]" = "iPhone Developer";
				COPY_PHASE_STRIP = NO;
				DEBUG_INFORMATION_FORMAT = dwarf;
				ENABLE_STRICT_OBJC_MSGSEND = YES;
				ENABLE_TESTABILITY = YES;
				GCC_C_LANGUAGE_STANDARD = gnu99;
				GCC_DYNAMIC_NO_PIC = NO;
				GCC_NO_COMMON_BLOCKS = YES;
				GCC_OPTIMIZATION_LEVEL = 0;
				GCC_PREPROCESSOR_DEFINITIONS = (
					"DEBUG=1",
					"$(inherited)",
				);
				GCC_WARN_64_TO_32_BIT_CONVERSION = YES;
				GCC_WARN_ABOUT_RETURN_TYPE = YES_ERROR;
				GCC_WARN_UNDECLARED_SELECTOR = YES;
				GCC_WARN_UNINITIALIZED_AUTOS = YES_AGGRESSIVE;
				GCC_WARN_UNUSED_FUNCTION = YES;
				GCC_WARN_UNUSED_VARIABLE = YES;
				IPHONEOS_DEPLOYMENT_TARGET = 10.3;
				MTL_ENABLE_DEBUG_INFO = YES;
				ONLY_ACTIVE_ARCH = YES;
				SDKROOT = iphoneos;
			};
			name = Debug;
		};
		FC0107F91EBC6EEA00BDFFE1 /* Release */ = {
			isa = XCBuildConfiguration;
			buildSettings = {
				ALWAYS_SEARCH_USER_PATHS = NO;
				CLANG_ANALYZER_NONNULL = YES;
				CLANG_ANALYZER_NUMBER_OBJECT_CONVERSION = YES_AGGRESSIVE;
				CLANG_CXX_LANGUAGE_STANDARD = "gnu++0x";
				CLANG_CXX_LIBRARY = "libc++";
				CLANG_ENABLE_MODULES = YES;
				CLANG_ENABLE_OBJC_ARC = YES;
				CLANG_WARN_BOOL_CONVERSION = YES;
				CLANG_WARN_CONSTANT_CONVERSION = YES;
				CLANG_WARN_DIRECT_OBJC_ISA_USAGE = YES_ERROR;
				CLANG_WARN_DOCUMENTATION_COMMENTS = YES;
				CLANG_WARN_EMPTY_BODY = YES;
				CLANG_WARN_ENUM_CONVERSION = YES;
				CLANG_WARN_INFINITE_RECURSION = YES;
				CLANG_WARN_INT_CONVERSION = YES;
				CLANG_WARN_OBJC_ROOT_CLASS = YES_ERROR;
				CLANG_WARN_SUSPICIOUS_MOVE = YES;
				CLANG_WARN_UNREACHABLE_CODE = YES;
				CLANG_WARN__DUPLICATE_METHOD_MATCH = YES;
				"CODE_SIGN_IDENTITY[sdk=iphoneos*]" = "iPhone Developer";
				COPY_PHASE_STRIP = NO;
				DEBUG_INFORMATION_FORMAT = "dwarf-with-dsym";
				ENABLE_NS_ASSERTIONS = NO;
				ENABLE_STRICT_OBJC_MSGSEND = YES;
				GCC_C_LANGUAGE_STANDARD = gnu99;
				GCC_NO_COMMON_BLOCKS = YES;
				GCC_WARN_64_TO_32_BIT_CONVERSION = YES;
				GCC_WARN_ABOUT_RETURN_TYPE = YES_ERROR;
				GCC_WARN_UNDECLARED_SELECTOR = YES;
				GCC_WARN_UNINITIALIZED_AUTOS = YES_AGGRESSIVE;
				GCC_WARN_UNUSED_FUNCTION = YES;
				GCC_WARN_UNUSED_VARIABLE = YES;
				IPHONEOS_DEPLOYMENT_TARGET = 10.3;
				MTL_ENABLE_DEBUG_INFO = NO;
				SDKROOT = iphoneos;
				VALIDATE_PRODUCT = YES;
			};
			name = Release;
		};
		FC0107FB1EBC6EEA00BDFFE1 /* Debug */ = {
			isa = XCBuildConfiguration;
			baseConfigurationReference = 1B3D9729E36CA8E2D5B24B9F /* Pods-photo-wal.debug.xcconfig */;
			buildSettings = {
				ASSETCATALOG_COMPILER_APPICON_NAME = AppIcon;
				DEVELOPMENT_TEAM = 9J8LMHVFBZ;
				INFOPLIST_FILE = "photo-wal/Info.plist";
				LD_RUNPATH_SEARCH_PATHS = "$(inherited) @executable_path/Frameworks";
				PRODUCT_BUNDLE_IDENTIFIER = "ntut.cg.photo-wal";
				PRODUCT_NAME = "$(TARGET_NAME)";
			};
			name = Debug;
		};
		FC0107FC1EBC6EEA00BDFFE1 /* Release */ = {
			isa = XCBuildConfiguration;
			baseConfigurationReference = EC6AA9D33032CAB4C1AB083E /* Pods-photo-wal.release.xcconfig */;
			buildSettings = {
				ASSETCATALOG_COMPILER_APPICON_NAME = AppIcon;
				DEVELOPMENT_TEAM = 9J8LMHVFBZ;
				INFOPLIST_FILE = "photo-wal/Info.plist";
				LD_RUNPATH_SEARCH_PATHS = "$(inherited) @executable_path/Frameworks";
				PRODUCT_BUNDLE_IDENTIFIER = "ntut.cg.photo-wal";
				PRODUCT_NAME = "$(TARGET_NAME)";
			};
			name = Release;
		};
		FC0107FE1EBC6EEA00BDFFE1 /* Debug */ = {
			isa = XCBuildConfiguration;
			baseConfigurationReference = 0886167A5FFFAE6A587DDF15 /* Pods-photo-wal-photo-walTests.debug.xcconfig */;
			buildSettings = {
				BUNDLE_LOADER = "$(TEST_HOST)";
				DEVELOPMENT_TEAM = 9J8LMHVFBZ;
				INFOPLIST_FILE = "photo-walTests/Info.plist";
				LD_RUNPATH_SEARCH_PATHS = "$(inherited) @executable_path/Frameworks @loader_path/Frameworks";
				PRODUCT_BUNDLE_IDENTIFIER = "ntut.cg.photo-walTests";
				PRODUCT_NAME = "$(TARGET_NAME)";
				TEST_HOST = "$(BUILT_PRODUCTS_DIR)/photo-wal.app/photo-wal";
			};
			name = Debug;
		};
		FC0107FF1EBC6EEA00BDFFE1 /* Release */ = {
			isa = XCBuildConfiguration;
			baseConfigurationReference = 271AD0283D2612F423A8325B /* Pods-photo-wal-photo-walTests.release.xcconfig */;
			buildSettings = {
				BUNDLE_LOADER = "$(TEST_HOST)";
				DEVELOPMENT_TEAM = 9J8LMHVFBZ;
				INFOPLIST_FILE = "photo-walTests/Info.plist";
				LD_RUNPATH_SEARCH_PATHS = "$(inherited) @executable_path/Frameworks @loader_path/Frameworks";
				PRODUCT_BUNDLE_IDENTIFIER = "ntut.cg.photo-walTests";
				PRODUCT_NAME = "$(TARGET_NAME)";
				TEST_HOST = "$(BUILT_PRODUCTS_DIR)/photo-wal.app/photo-wal";
			};
			name = Release;
		};
/* End XCBuildConfiguration section */

/* Begin XCConfigurationList section */
		FC0107D01EBC6EEA00BDFFE1 /* Build configuration list for PBXProject "photo-wal" */ = {
			isa = XCConfigurationList;
			buildConfigurations = (
				FC0107F81EBC6EEA00BDFFE1 /* Debug */,
				FC0107F91EBC6EEA00BDFFE1 /* Release */,
			);
			defaultConfigurationIsVisible = 0;
			defaultConfigurationName = Release;
		};
		FC0107FA1EBC6EEA00BDFFE1 /* Build configuration list for PBXNativeTarget "photo-wal" */ = {
			isa = XCConfigurationList;
			buildConfigurations = (
				FC0107FB1EBC6EEA00BDFFE1 /* Debug */,
				FC0107FC1EBC6EEA00BDFFE1 /* Release */,
			);
			defaultConfigurationIsVisible = 0;
		};
		FC0107FD1EBC6EEA00BDFFE1 /* Build configuration list for PBXNativeTarget "photo-walTests" */ = {
			isa = XCConfigurationList;
			buildConfigurations = (
				FC0107FE1EBC6EEA00BDFFE1 /* Debug */,
				FC0107FF1EBC6EEA00BDFFE1 /* Release */,
			);
			defaultConfigurationIsVisible = 0;
		};
/* End XCConfigurationList section */

/* Begin XCVersionGroup section */
		FC0107E41EBC6EEA00BDFFE1 /* photo_wal.xcdatamodeld */ = {
			isa = XCVersionGroup;
			children = (
				FC0107E51EBC6EEA00BDFFE1 /* photo_wal.xcdatamodel */,
			);
			currentVersion = FC0107E51EBC6EEA00BDFFE1 /* photo_wal.xcdatamodel */;
			path = photo_wal.xcdatamodeld;
			sourceTree = "<group>";
			versionGroupType = wrapper.xcdatamodel;
		};
/* End XCVersionGroup section */
	};
	rootObject = FC0107CD1EBC6EEA00BDFFE1 /* Project object */;
}
